
Microsoft Visual Studio Solution File, Format Version 12.00
# Visual Studio Version 17
VisualStudioVersion = 17.9.34728.123
MinimumVisualStudioVersion = 10.0.40219.1
Project("{FAE04EC0-301F-11D3-BF4B-00C04F79EFBC}") = "FirstTask", "FirstTask.csproj", "{A621F40D-53A9-4A58-9466-8E2CCB1C8AA3}"
EndProject
Project("{FAE04EC0-301F-11D3-BF4B-00C04F79EFBC}") = "testCase", "..\testCase\testCase.csproj", "{12999BBC-E068-43A8-9580-DE83440E4153}"
EndProject
Global
	GlobalSection(SolutionConfigurationPlatforms) = preSolution
		Debug|Any CPU = Debug|Any CPU
		Release|Any CPU = Release|Any CPU
	EndGlobalSection
	GlobalSection(ProjectConfigurationPlatforms) = postSolution
		{A621F40D-53A9-4A58-9466-8E2CCB1C8AA3}.Debug|Any CPU.ActiveCfg = Debug|Any CPU
		{A621F40D-53A9-4A58-9466-8E2CCB1C8AA3}.Debug|Any CPU.Build.0 = Debug|Any CPU
		{A621F40D-53A9-4A58-9466-8E2CCB1C8AA3}.Release|Any CPU.ActiveCfg = Release|Any CPU
		{A621F40D-53A9-4A58-9466-8E2CCB1C8AA3}.Release|Any CPU.Build.0 = Release|Any CPU
		{12999BBC-E068-43A8-9580-DE83440E4153}.Debug|Any CPU.ActiveCfg = Debug|Any CPU
		{12999BBC-E068-43A8-9580-DE83440E4153}.Debug|Any CPU.Build.0 = Debug|Any CPU
		{12999BBC-E068-43A8-9580-DE83440E4153}.Release|Any CPU.ActiveCfg = Release|Any CPU
		{12999BBC-E068-43A8-9580-DE83440E4153}.Release|Any CPU.Build.0 = Release|Any CPU
	EndGlobalSection
	GlobalSection(SolutionProperties) = preSolution
		HideSolutionNode = FALSE
	EndGlobalSection
	GlobalSection(ExtensibilityGlobals) = postSolution
		SolutionGuid = {6C86D611-E37B-4F6C-941C-CCA8003011B2}
	EndGlobalSection
EndGlobal
